# This file is automatically @generated by Cargo.
# It is not intended for manual editing.
version = 4

[[package]]
name = "g3ts-apparch-source-checks"
version = "0.1.0"
dependencies = [
 "g3ts-apparch-source-checks-runtime",
 "g3ts-apparch-types",
]

[[package]]
name = "g3ts-apparch-source-checks-assertions"
version = "0.0.0"
dependencies = [
 "g3ts-apparch-source-checks-runtime",
 "guardrail3-check-types",
]

[[package]]
name = "g3ts-apparch-source-checks-runtime"
version = "0.1.0"
dependencies = [
 "g3ts-apparch-source-checks-assertions",
 "g3ts-apparch-types",
 "guardrail3-check-types",
]

[[package]]
name = "g3ts-apparch-types"
version = "0.1.0"

[[package]]
name = "guardrail3-check-types"
version = "0.1.0"
