# This file is automatically @generated by Cargo.
# It is not intended for manual editing.
version = 4

[[package]]
name = "g3ts-npmrc-types"
version = "0.1.0"
dependencies = [
 "npmrc-parser",
]

[[package]]
name = "npmrc-parser"
version = "0.1.0"
dependencies = [
 "npmrc-parser-runtime",
]

[[package]]
name = "npmrc-parser-runtime"
version = "0.1.0"
dependencies = [
 "npmrc-parser-types",
]

[[package]]
name = "npmrc-parser-types"
version = "0.1.0"
