# This file is automatically @generated by Cargo.
# It is not intended for manual editing.
version = 4

[[package]]
name = "g3ts-style-config-checks"
version = "0.1.0"
dependencies = [
 "g3ts-style-config-checks-runtime",
]

[[package]]
name = "g3ts-style-config-checks-assertions"
version = "0.1.0"

[[package]]
name = "g3ts-style-config-checks-runtime"
version = "0.1.0"
dependencies = [
 "g3ts-style-types",
 "guardrail3-check-types",
]

[[package]]
name = "g3ts-style-types"
version = "0.1.0"

[[package]]
name = "guardrail3-check-types"
version = "0.1.0"
