# This file is automatically @generated by Cargo.
# It is not intended for manual editing.
version = 4

[[package]]
name = "g3rs-apparch-hook-contract"
version = "0.1.0"
dependencies = [
 "g3rs-apparch-hook-contract-runtime",
]

[[package]]
name = "g3rs-apparch-hook-contract-runtime"
version = "0.1.0"
dependencies = [
 "g3rs-hooks-contract-types",
]

[[package]]
name = "g3rs-arch-hook-contract"
version = "0.1.0"
dependencies = [
 "g3rs-arch-hook-contract-runtime",
]

[[package]]
name = "g3rs-arch-hook-contract-runtime"
version = "0.1.0"
dependencies = [
 "g3rs-hooks-contract-types",
]

[[package]]
name = "g3rs-cargo-hook-contract"
version = "0.1.0"
dependencies = [
 "g3rs-cargo-hook-contract-runtime",
]

[[package]]
name = "g3rs-cargo-hook-contract-runtime"
version = "0.1.0"
dependencies = [
 "g3rs-hooks-contract-types",
]

[[package]]
name = "g3rs-clippy-hook-contract"
version = "0.1.0"
dependencies = [
 "g3rs-clippy-hook-contract-runtime",
]

[[package]]
name = "g3rs-clippy-hook-contract-runtime"
version = "0.1.0"
dependencies = [
 "g3rs-hooks-contract-types",
]

[[package]]
name = "g3rs-code-hook-contract"
version = "0.1.0"
dependencies = [
 "g3rs-code-hook-contract-runtime",
]

[[package]]
name = "g3rs-code-hook-contract-runtime"
version = "0.1.0"
dependencies = [
 "g3rs-hooks-contract-types",
]

[[package]]
name = "g3rs-deny-hook-contract"
version = "0.1.0"
dependencies = [
 "g3rs-deny-hook-contract-runtime",
]

[[package]]
name = "g3rs-deny-hook-contract-runtime"
version = "0.1.0"
dependencies = [
 "g3rs-hooks-contract-types",
]

[[package]]
name = "g3rs-deps-hook-contract"
version = "0.1.0"
dependencies = [
 "g3rs-deps-hook-contract-runtime",
]

[[package]]
name = "g3rs-deps-hook-contract-runtime"
version = "0.1.0"
dependencies = [
 "g3rs-hooks-contract-types",
]

[[package]]
name = "g3rs-fmt-hook-contract"
version = "0.1.0"
dependencies = [
 "g3rs-fmt-hook-contract-runtime",
]

[[package]]
name = "g3rs-fmt-hook-contract-runtime"
version = "0.1.0"
dependencies = [
 "g3rs-hooks-contract-types",
]

[[package]]
name = "g3rs-garde-hook-contract"
version = "0.1.0"
dependencies = [
 "g3rs-garde-hook-contract-runtime",
]

[[package]]
name = "g3rs-garde-hook-contract-runtime"
version = "0.1.0"
dependencies = [
 "g3rs-hooks-contract-types",
]

[[package]]
name = "g3rs-hooks-contract-types"
version = "0.1.0"
dependencies = [
 "serde",
]

[[package]]
name = "g3rs-release-hook-contract"
version = "0.1.0"
dependencies = [
 "g3rs-release-hook-contract-runtime",
]

[[package]]
name = "g3rs-release-hook-contract-runtime"
version = "0.1.0"
dependencies = [
 "g3rs-hooks-contract-types",
]

[[package]]
name = "g3rs-rust-family-contracts"
version = "0.1.0"
dependencies = [
 "g3rs-rust-family-contracts-runtime",
]

[[package]]
name = "g3rs-rust-family-contracts-architecture"
version = "0.1.0"
dependencies = [
 "g3rs-apparch-hook-contract",
 "g3rs-arch-hook-contract",
 "g3rs-hooks-contract-types",
 "g3rs-topology-hook-contract",
]

[[package]]
name = "g3rs-rust-family-contracts-runtime"
version = "0.1.0"
dependencies = [
 "g3rs-hooks-contract-types",
 "g3rs-rust-family-contracts-architecture",
 "g3rs-rust-family-contracts-tooling",
]

[[package]]
name = "g3rs-rust-family-contracts-tooling"
version = "0.1.0"
dependencies = [
 "g3rs-cargo-hook-contract",
 "g3rs-clippy-hook-contract",
 "g3rs-code-hook-contract",
 "g3rs-deny-hook-contract",
 "g3rs-deps-hook-contract",
 "g3rs-fmt-hook-contract",
 "g3rs-garde-hook-contract",
 "g3rs-hooks-contract-types",
 "g3rs-release-hook-contract",
 "g3rs-test-hook-contract",
 "g3rs-toolchain-hook-contract",
]

[[package]]
name = "g3rs-test-hook-contract"
version = "0.1.0"
dependencies = [
 "g3rs-test-hook-contract-runtime",
]

[[package]]
name = "g3rs-test-hook-contract-runtime"
version = "0.1.0"
dependencies = [
 "g3rs-hooks-contract-types",
]

[[package]]
name = "g3rs-toolchain-hook-contract"
version = "0.1.0"
dependencies = [
 "g3rs-toolchain-hook-contract-runtime",
]

[[package]]
name = "g3rs-toolchain-hook-contract-runtime"
version = "0.1.0"
dependencies = [
 "g3rs-hooks-contract-types",
]

[[package]]
name = "g3rs-topology-hook-contract"
version = "0.1.0"
dependencies = [
 "g3rs-topology-hook-contract-runtime",
]

[[package]]
name = "g3rs-topology-hook-contract-runtime"
version = "0.1.0"
dependencies = [
 "g3rs-hooks-contract-types",
]

[[package]]
name = "proc-macro2"
version = "1.0.106"
source = "registry+https://github.com/rust-lang/crates.io-index"
checksum = "8fd00f0bb2e90d81d1044c2b32617f68fcb9fa3bb7640c23e9c748e53fb30934"
dependencies = [
 "unicode-ident",
]

[[package]]
name = "quote"
version = "1.0.45"
source = "registry+https://github.com/rust-lang/crates.io-index"
checksum = "41f2619966050689382d2b44f664f4bc593e129785a36d6ee376ddf37259b924"
dependencies = [
 "proc-macro2",
]

[[package]]
name = "serde"
version = "1.0.228"
source = "registry+https://github.com/rust-lang/crates.io-index"
checksum = "9a8e94ea7f378bd32cbbd37198a4a91436180c5bb472411e48b5ec2e2124ae9e"
dependencies = [
 "serde_core",
 "serde_derive",
]

[[package]]
name = "serde_core"
version = "1.0.228"
source = "registry+https://github.com/rust-lang/crates.io-index"
checksum = "41d385c7d4ca58e59fc732af25c3983b67ac852c1a25000afe1175de458b67ad"
dependencies = [
 "serde_derive",
]

[[package]]
name = "serde_derive"
version = "1.0.228"
source = "registry+https://github.com/rust-lang/crates.io-index"
checksum = "d540f220d3187173da220f885ab66608367b6574e925011a9353e4badda91d79"
dependencies = [
 "proc-macro2",
 "quote",
 "syn",
]

[[package]]
name = "syn"
version = "2.0.117"
source = "registry+https://github.com/rust-lang/crates.io-index"
checksum = "e665b8803e7b1d2a727f4023456bbbbe74da67099c585258af0ad9c5013b9b99"
dependencies = [
 "proc-macro2",
 "quote",
 "unicode-ident",
]

[[package]]
name = "unicode-ident"
version = "1.0.24"
source = "registry+https://github.com/rust-lang/crates.io-index"
checksum = "e6e4313cd5fcd3dad5cafa179702e2b244f760991f45397d14d4ebf38247da75"
