# This file is automatically @generated by Cargo.
# It is not intended for manual editing.
version = 4

[[package]]
name = "g3rs-apparch-hook-contract"
version = "0.1.0"
dependencies = [
 "g3rs-apparch-hook-contract-runtime",
]

[[package]]
name = "g3rs-apparch-hook-contract-runtime"
version = "0.1.0"
dependencies = [
 "g3rs-hooks-contract-types",
]

[[package]]
name = "g3rs-arch-hook-contract"
version = "0.1.0"
dependencies = [
 "g3rs-arch-hook-contract-runtime",
]

[[package]]
name = "g3rs-arch-hook-contract-runtime"
version = "0.1.0"
dependencies = [
 "g3rs-hooks-contract-types",
]

[[package]]
name = "g3rs-cargo-hook-contract"
version = "0.1.0"
dependencies = [
 "g3rs-cargo-hook-contract-runtime",
]

[[package]]
name = "g3rs-cargo-hook-contract-runtime"
version = "0.1.0"
dependencies = [
 "g3rs-hooks-contract-types",
]

[[package]]
name = "g3rs-clippy-hook-contract"
version = "0.1.0"
dependencies = [
 "g3rs-clippy-hook-contract-runtime",
]

[[package]]
name = "g3rs-clippy-hook-contract-runtime"
version = "0.1.0"
dependencies = [
 "g3rs-hooks-contract-types",
]

[[package]]
name = "g3rs-code-hook-contract"
version = "0.1.0"
dependencies = [
 "g3rs-code-hook-contract-runtime",
]

[[package]]
name = "g3rs-code-hook-contract-runtime"
version = "0.1.0"
dependencies = [
 "g3rs-hooks-contract-types",
]

[[package]]
name = "g3rs-deny-hook-contract"
version = "0.1.0"
dependencies = [
 "g3rs-deny-hook-contract-runtime",
]

[[package]]
name = "g3rs-deny-hook-contract-runtime"
version = "0.1.0"
dependencies = [
 "g3rs-hooks-contract-types",
]

[[package]]
name = "g3rs-deps-hook-contract"
version = "0.1.0"
dependencies = [
 "g3rs-deps-hook-contract-runtime",
]

[[package]]
name = "g3rs-deps-hook-contract-runtime"
version = "0.1.0"
dependencies = [
 "g3rs-hooks-contract-types",
]

[[package]]
name = "g3rs-fmt-hook-contract"
version = "0.1.0"
dependencies = [
 "g3rs-fmt-hook-contract-runtime",
]

[[package]]
name = "g3rs-fmt-hook-contract-runtime"
version = "0.1.0"
dependencies = [
 "g3rs-hooks-contract-types",
]

[[package]]
name = "g3rs-garde-hook-contract"
version = "0.1.0"
dependencies = [
 "g3rs-garde-hook-contract-runtime",
]

[[package]]
name = "g3rs-garde-hook-contract-runtime"
version = "0.1.0"
dependencies = [
 "g3rs-hooks-contract-types",
]

[[package]]
name = "g3rs-hooks-contract-types"
version = "0.1.0"

[[package]]
name = "g3rs-release-hook-contract"
version = "0.1.0"
dependencies = [
 "g3rs-release-hook-contract-runtime",
]

[[package]]
name = "g3rs-release-hook-contract-runtime"
version = "0.1.0"
dependencies = [
 "g3rs-hooks-contract-types",
]

[[package]]
name = "g3rs-rust-family-contracts"
version = "0.1.0"
dependencies = [
 "g3rs-rust-family-contracts-runtime",
]

[[package]]
name = "g3rs-rust-family-contracts-architecture"
version = "0.1.0"
dependencies = [
 "g3rs-apparch-hook-contract",
 "g3rs-arch-hook-contract",
 "g3rs-hooks-contract-types",
 "g3rs-topology-hook-contract",
]

[[package]]
name = "g3rs-rust-family-contracts-runtime"
version = "0.1.0"
dependencies = [
 "g3rs-hooks-contract-types",
 "g3rs-rust-family-contracts-architecture",
 "g3rs-rust-family-contracts-tooling",
]

[[package]]
name = "g3rs-rust-family-contracts-tooling"
version = "0.1.0"
dependencies = [
 "g3rs-cargo-hook-contract",
 "g3rs-clippy-hook-contract",
 "g3rs-code-hook-contract",
 "g3rs-deny-hook-contract",
 "g3rs-deps-hook-contract",
 "g3rs-fmt-hook-contract",
 "g3rs-garde-hook-contract",
 "g3rs-hooks-contract-types",
 "g3rs-release-hook-contract",
 "g3rs-test-hook-contract",
 "g3rs-toolchain-hook-contract",
]

[[package]]
name = "g3rs-test-hook-contract"
version = "0.1.0"
dependencies = [
 "g3rs-test-hook-contract-runtime",
]

[[package]]
name = "g3rs-test-hook-contract-runtime"
version = "0.1.0"
dependencies = [
 "g3rs-hooks-contract-types",
]

[[package]]
name = "g3rs-toolchain-hook-contract"
version = "0.1.0"
dependencies = [
 "g3rs-toolchain-hook-contract-runtime",
]

[[package]]
name = "g3rs-toolchain-hook-contract-runtime"
version = "0.1.0"
dependencies = [
 "g3rs-hooks-contract-types",
]

[[package]]
name = "g3rs-topology-hook-contract"
version = "0.1.0"
dependencies = [
 "g3rs-topology-hook-contract-runtime",
]

[[package]]
name = "g3rs-topology-hook-contract-runtime"
version = "0.1.0"
dependencies = [
 "g3rs-hooks-contract-types",
]
