# This file is automatically @generated by Cargo.
# It is not intended for manual editing.
version = 4

[[package]]
name = "eslint-directive-parser"
version = "0.1.0"
dependencies = [
 "eslint-directive-parser-runtime",
]

[[package]]
name = "eslint-directive-parser-runtime"
version = "0.1.0"
dependencies = [
 "eslint-directive-parser-types",
]

[[package]]
name = "eslint-directive-parser-types"
version = "0.1.0"
