# This file is automatically @generated by Cargo.
# It is not intended for manual editing.
version = 4

[[package]]
name = "g3rs-fmt-hook-contract"
version = "0.1.0"
dependencies = [
 "g3rs-fmt-hook-contract-runtime",
]

[[package]]
name = "g3rs-fmt-hook-contract-assertions"
version = "0.1.0"
dependencies = [
 "g3rs-fmt-hook-contract-runtime",
 "g3rs-hooks-contract-types",
]

[[package]]
name = "g3rs-fmt-hook-contract-runtime"
version = "0.1.0"
dependencies = [
 "g3rs-fmt-hook-contract-assertions",
 "g3rs-hooks-contract-types",
]

[[package]]
name = "g3rs-fmt-hook-contract-types"
version = "0.1.0"

[[package]]
name = "g3rs-hooks-contract-types"
version = "0.1.0"
