# This file is automatically @generated by Cargo.
# It is not intended for manual editing.
version = 4

[[package]]
name = "g3ts-jscpd-types"
version = "0.1.0"
dependencies = [
 "jscpd-json-parser",
]

[[package]]
name = "jscpd-json-parser"
version = "0.1.0"
dependencies = [
 "jscpd-json-parser-runtime",
]

[[package]]
name = "jscpd-json-parser-runtime"
version = "0.1.0"
dependencies = [
 "jscpd-json-parser-types",
]

[[package]]
name = "jscpd-json-parser-types"
version = "0.1.0"
