# This file is automatically @generated by Cargo.
# It is not intended for manual editing.
version = 4

[[package]]
name = "hook-shell-parser"
version = "0.1.0"
dependencies = [
 "hook-shell-parser-runtime",
]

[[package]]
name = "hook-shell-parser-runtime"
version = "0.1.0"
dependencies = [
 "hook-shell-parser-runtime-assertions",
 "hook-shell-parser-types",
]

[[package]]
name = "hook-shell-parser-runtime-assertions"
version = "0.1.0"
dependencies = [
 "hook-shell-parser-runtime",
]

[[package]]
name = "hook-shell-parser-types"
version = "0.1.0"
