# This file is automatically @generated by Cargo.
# It is not intended for manual editing.
version = 4

[[package]]
name = "g3rs-hooks-config-checks"
version = "0.1.0"
dependencies = [
 "g3rs-hooks-config-checks-runtime",
 "g3rs-hooks-config-checks-types",
]

[[package]]
name = "g3rs-hooks-config-checks-assertions"
version = "0.1.0"
dependencies = [
 "guardrail3-check-types",
]

[[package]]
name = "g3rs-hooks-config-checks-runtime"
version = "0.1.0"
dependencies = [
 "g3rs-hooks-config-checks-assertions",
 "g3rs-hooks-config-checks-types",
 "guardrail3-check-types",
 "hook-shell-parser",
]

[[package]]
name = "g3rs-hooks-config-checks-types"
version = "0.1.0"
dependencies = [
 "g3rs-hooks-types",
]

[[package]]
name = "g3rs-hooks-types"
version = "0.1.0"

[[package]]
name = "guardrail3-check-types"
version = "0.1.0"

[[package]]
name = "hook-shell-parser"
version = "0.1.0"
dependencies = [
 "hook-shell-parser-runtime",
]

[[package]]
name = "hook-shell-parser-runtime"
version = "0.1.0"
