# This file is automatically @generated by Cargo.
# It is not intended for manual editing.
version = 4

[[package]]
name = "g3rs-apparch-source-checks"
version = "0.1.0"
dependencies = [
 "g3rs-apparch-source-checks-runtime",
 "g3rs-apparch-source-checks-types",
]

[[package]]
name = "g3rs-apparch-source-checks-runtime"
version = "0.1.0"
dependencies = [
 "g3rs-apparch-source-checks-types",
 "g3rs-apparch-types",
 "guardrail3-check-types",
]

[[package]]
name = "g3rs-apparch-source-checks-types"
version = "0.1.0"
dependencies = [
 "g3rs-apparch-types",
]

[[package]]
name = "g3rs-apparch-types"
version = "0.1.0"

[[package]]
name = "guardrail3-check-types"
version = "0.1.0"
