# This file is automatically @generated by Cargo.
# It is not intended for manual editing.
version = 4

[[package]]
name = "g3ts-astro-config-checks"
version = "0.1.0"
dependencies = [
 "g3ts-astro-config-checks-runtime",
 "g3ts-astro-config-checks-types",
]

[[package]]
name = "g3ts-astro-config-checks-assertions"
version = "0.0.0"
dependencies = [
 "g3ts-astro-config-checks-runtime",
 "guardrail3-check-types",
]

[[package]]
name = "g3ts-astro-config-checks-runtime"
version = "0.1.0"
dependencies = [
 "g3ts-astro-config-checks-assertions",
 "g3ts-astro-types",
 "guardrail3-check-types",
 "package-script-command-parser",
]

[[package]]
name = "g3ts-astro-config-checks-types"
version = "0.1.0"
dependencies = [
 "g3ts-astro-types",
]

[[package]]
name = "g3ts-astro-types"
version = "0.1.0"

[[package]]
name = "guardrail3-check-types"
version = "0.1.0"

[[package]]
name = "package-script-command-parser"
version = "0.1.0"
dependencies = [
 "package-script-command-parser-runtime",
]

[[package]]
name = "package-script-command-parser-runtime"
version = "0.1.0"
dependencies = [
 "package-script-command-parser-types",
]

[[package]]
name = "package-script-command-parser-types"
version = "0.1.0"
