# This file is automatically @generated by Cargo.
# It is not intended for manual editing.
version = 4

[[package]]
name = "g3rs-code-file-tree-checks"
version = "0.1.0"
dependencies = [
 "g3rs-code-file-tree-checks-runtime",
 "g3rs-code-file-tree-checks-types",
]

[[package]]
name = "g3rs-code-file-tree-checks-assertions"
version = "0.1.0"
dependencies = [
 "guardrail3-check-types",
]

[[package]]
name = "g3rs-code-file-tree-checks-runtime"
version = "0.1.0"
dependencies = [
 "g3rs-code-file-tree-checks-assertions",
 "g3rs-code-file-tree-checks-types",
 "guardrail3-check-types",
]

[[package]]
name = "g3rs-code-file-tree-checks-types"
version = "0.1.0"
dependencies = [
 "g3rs-code-types",
]

[[package]]
name = "g3rs-code-types"
version = "0.1.0"

[[package]]
name = "guardrail3-check-types"
version = "0.1.0"
